
Microsoft Visual Studio Solution File, Format Version 12.00
# Visual Studio 2017
Project("{FAE04EC0-301F-11D3-BF4B-00C04F79EFBC}") = "MyWaypoint", "MyWaypoint.csproj", "{F81FDCAF-0983-3B76-A3A2-6F24CA43EB94}"
EndProject
Project("{FAE04EC0-301F-11D3-BF4B-00C04F79EFBC}") = "MyWaypoint.Editor", "MyWaypoint.Editor.csproj", "{4E79E4FC-5F88-A7A2-2831-8501CEAE98F7}"
EndProject
Global
	GlobalSection(SolutionConfigurationPlatforms) = preSolution
		Debug|Any CPU = Debug|Any CPU
		Release|Any CPU = Release|Any CPU
	EndGlobalSection
	GlobalSection(ProjectConfigurationPlatforms) = postSolution
		{F81FDCAF-0983-3B76-A3A2-6F24CA43EB94}.Debug|Any CPU.ActiveCfg = Debug|Any CPU
		{F81FDCAF-0983-3B76-A3A2-6F24CA43EB94}.Debug|Any CPU.Build.0 = Debug|Any CPU
		{F81FDCAF-0983-3B76-A3A2-6F24CA43EB94}.Release|Any CPU.ActiveCfg = Release|Any CPU
		{F81FDCAF-0983-3B76-A3A2-6F24CA43EB94}.Release|Any CPU.Build.0 = Release|Any CPU
		{4E79E4FC-5F88-A7A2-2831-8501CEAE98F7}.Debug|Any CPU.ActiveCfg = Debug|Any CPU
		{4E79E4FC-5F88-A7A2-2831-8501CEAE98F7}.Debug|Any CPU.Build.0 = Debug|Any CPU
		{4E79E4FC-5F88-A7A2-2831-8501CEAE98F7}.Release|Any CPU.ActiveCfg = Release|Any CPU
		{4E79E4FC-5F88-A7A2-2831-8501CEAE98F7}.Release|Any CPU.Build.0 = Release|Any CPU
	EndGlobalSection
	GlobalSection(SolutionProperties) = preSolution
		HideSolutionNode = FALSE
	EndGlobalSection
EndGlobal
